{
  "name": "origin-response",
  "version": "1.0.0",
  "lockfileVersion": 1,
  "requires": true,
  "dependencies": {
    "aws-ssm-parameter-store-util": {
      "version": "1.0.5",
      "resolved": "https://registry.npmjs.org/aws-ssm-parameter-store-util/-/aws-ssm-parameter-store-util-1.0.5.tgz",
      "integrity": "sha512-wd3E3lywsqGe4+DH7tUR8rXtsqAobEfeYZa98ABrbCIoo/ISn4V/qxvX4xHiFkS66CdV9RIGY6qyKsHkCGMn0g=="
    }
  }
}
